
Microsoft Visual Studio Solution File, Format Version 12.00
# Visual Studio Version 17
VisualStudioVersion = 17.0.32112.339
MinimumVisualStudioVersion = 10.0.40219.1
Project("{9A19103F-16F7-4668-BE54-9A1E7A4F7556}") = "Stark-MunderDifflin", "Stark-MunderDifflin\Stark-MunderDifflin.csproj", "{2B7D52FA-BE28-4625-BDA1-B96E94FBF3D4}"
EndProject
Project("{54A90642-561A-4BB1-A94E-469ADEE60C69}") = "Stark-MunderDifflin-Client", "Stark-MunderDifflin-Client\Stark-MunderDifflin-Client.esproj", "{46B1165F-0026-49ED-A164-9D59C244C47B}"
EndProject
Global
	GlobalSection(SolutionConfigurationPlatforms) = preSolution
		Debug|Any CPU = Debug|Any CPU
		Release|Any CPU = Release|Any CPU
	EndGlobalSection
	GlobalSection(ProjectConfigurationPlatforms) = postSolution
		{2B7D52FA-BE28-4625-BDA1-B96E94FBF3D4}.Debug|Any CPU.ActiveCfg = Debug|Any CPU
		{2B7D52FA-BE28-4625-BDA1-B96E94FBF3D4}.Debug|Any CPU.Build.0 = Debug|Any CPU
		{2B7D52FA-BE28-4625-BDA1-B96E94FBF3D4}.Release|Any CPU.ActiveCfg = Release|Any CPU
		{2B7D52FA-BE28-4625-BDA1-B96E94FBF3D4}.Release|Any CPU.Build.0 = Release|Any CPU
		{46B1165F-0026-49ED-A164-9D59C244C47B}.Debug|Any CPU.ActiveCfg = Debug|Any CPU
		{46B1165F-0026-49ED-A164-9D59C244C47B}.Debug|Any CPU.Build.0 = Debug|Any CPU
		{46B1165F-0026-49ED-A164-9D59C244C47B}.Debug|Any CPU.Deploy.0 = Debug|Any CPU
		{46B1165F-0026-49ED-A164-9D59C244C47B}.Release|Any CPU.ActiveCfg = Release|Any CPU
		{46B1165F-0026-49ED-A164-9D59C244C47B}.Release|Any CPU.Build.0 = Release|Any CPU
		{46B1165F-0026-49ED-A164-9D59C244C47B}.Release|Any CPU.Deploy.0 = Release|Any CPU
	EndGlobalSection
	GlobalSection(SolutionProperties) = preSolution
		HideSolutionNode = FALSE
	EndGlobalSection
	GlobalSection(ExtensibilityGlobals) = postSolution
		SolutionGuid = {C8EA884C-885B-49AE-9FD0-472F2A76E0C3}
	EndGlobalSection
EndGlobal
